
Microsoft Visual Studio Solution File, Format Version 12.00
# Visual Studio Version 17
VisualStudioVersion = 17.2.32630.192
MinimumVisualStudioVersion = 10.0.40219.1
Project("{FAE04EC0-301F-11D3-BF4B-00C04F79EFBC}") = "RcloneMountGUI", "RcloneMountGUI\RcloneMountGUI.csproj", "{FD25CD0A-FB03-4A6A-A19B-AB602604CC20}"
EndProject
Global
	GlobalSection(SolutionConfigurationPlatforms) = preSolution
		Debug|Any CPU = Debug|Any CPU
		Release|Any CPU = Release|Any CPU
	EndGlobalSection
	GlobalSection(ProjectConfigurationPlatforms) = postSolution
		{FD25CD0A-FB03-4A6A-A19B-AB602604CC20}.Debug|Any CPU.ActiveCfg = Debug|Any CPU
		{FD25CD0A-FB03-4A6A-A19B-AB602604CC20}.Debug|Any CPU.Build.0 = Debug|Any CPU
		{FD25CD0A-FB03-4A6A-A19B-AB602604CC20}.Release|Any CPU.ActiveCfg = Release|Any CPU
		{FD25CD0A-FB03-4A6A-A19B-AB602604CC20}.Release|Any CPU.Build.0 = Release|Any CPU
	EndGlobalSection
	GlobalSection(SolutionProperties) = preSolution
		HideSolutionNode = FALSE
	EndGlobalSection
	GlobalSection(ExtensibilityGlobals) = postSolution
		SolutionGuid = {102DADBC-9197-4033-8D4F-3E958C55B38B}
	EndGlobalSection
EndGlobal
